
Microsoft Visual Studio Solution File, Format Version 12.00
# Visual Studio Version 17
VisualStudioVersion = 17.5.002.0
MinimumVisualStudioVersion = 10.0.40219.1
Project("{9A19103F-16F7-4668-BE54-9A1E7A4F7556}") = "new app", "new app.csproj", "{80C9EE4D-9179-4DC7-BAB8-C61AAF41AA95}"
EndProject
Global
	GlobalSection(SolutionConfigurationPlatforms) = preSolution
		Debug|Any CPU = Debug|Any CPU
		Release|Any CPU = Release|Any CPU
	EndGlobalSection
	GlobalSection(ProjectConfigurationPlatforms) = postSolution
		{80C9EE4D-9179-4DC7-BAB8-C61AAF41AA95}.Debug|Any CPU.ActiveCfg = Debug|Any CPU
		{80C9EE4D-9179-4DC7-BAB8-C61AAF41AA95}.Debug|Any CPU.Build.0 = Debug|Any CPU
		{80C9EE4D-9179-4DC7-BAB8-C61AAF41AA95}.Release|Any CPU.ActiveCfg = Release|Any CPU
		{80C9EE4D-9179-4DC7-BAB8-C61AAF41AA95}.Release|Any CPU.Build.0 = Release|Any CPU
	EndGlobalSection
	GlobalSection(SolutionProperties) = preSolution
		HideSolutionNode = FALSE
	EndGlobalSection
	GlobalSection(ExtensibilityGlobals) = postSolution
		SolutionGuid = {2474388C-C3DB-4CD5-A29F-FAB90609922E}
	EndGlobalSection
EndGlobal
